
Microsoft Visual Studio Solution File, Format Version 12.00
# Visual Studio 2012
Project("{FAE04EC0-301F-11D3-BF4B-00C04F79EFBC}") = "SWE-Server", "SWE-Server\SWE-Server.csproj", "{CCB7DDE0-A425-46E1-89B4-A3376A02C5C6}"
EndProject
Project("{FAE04EC0-301F-11D3-BF4B-00C04F79EFBC}") = "Interface", "Interface\Interface.csproj", "{E4B27901-3208-4E6A-8677-6A7ACD67FDFD}"
EndProject
Project("{FAE04EC0-301F-11D3-BF4B-00C04F79EFBC}") = "StaticFilePlugin", "StaticFIlePlugin\StaticFilePlugin.csproj", "{FDB3825D-E3A2-4BDD-B260-98C8D967D286}"
EndProject
Project("{FAE04EC0-301F-11D3-BF4B-00C04F79EFBC}") = "NaviPlugin", "NaviPlugin\NaviPlugin.csproj", "{08FEEFC9-1759-4846-B6C5-52528410F2E5}"
EndProject
Project("{FAE04EC0-301F-11D3-BF4B-00C04F79EFBC}") = "UnitTests", "UnitTests\UnitTests.csproj", "{EDB60A68-0345-429B-A202-08559B5B1D98}"
EndProject
Global
	GlobalSection(SolutionConfigurationPlatforms) = preSolution
		Debug|Any CPU = Debug|Any CPU
		Release|Any CPU = Release|Any CPU
	EndGlobalSection
	GlobalSection(ProjectConfigurationPlatforms) = postSolution
		{CCB7DDE0-A425-46E1-89B4-A3376A02C5C6}.Debug|Any CPU.ActiveCfg = Debug|Any CPU
		{CCB7DDE0-A425-46E1-89B4-A3376A02C5C6}.Debug|Any CPU.Build.0 = Debug|Any CPU
		{CCB7DDE0-A425-46E1-89B4-A3376A02C5C6}.Release|Any CPU.ActiveCfg = Release|Any CPU
		{CCB7DDE0-A425-46E1-89B4-A3376A02C5C6}.Release|Any CPU.Build.0 = Release|Any CPU
		{E4B27901-3208-4E6A-8677-6A7ACD67FDFD}.Debug|Any CPU.ActiveCfg = Debug|Any CPU
		{E4B27901-3208-4E6A-8677-6A7ACD67FDFD}.Debug|Any CPU.Build.0 = Debug|Any CPU
		{E4B27901-3208-4E6A-8677-6A7ACD67FDFD}.Release|Any CPU.ActiveCfg = Release|Any CPU
		{E4B27901-3208-4E6A-8677-6A7ACD67FDFD}.Release|Any CPU.Build.0 = Release|Any CPU
		{FDB3825D-E3A2-4BDD-B260-98C8D967D286}.Debug|Any CPU.ActiveCfg = Debug|Any CPU
		{FDB3825D-E3A2-4BDD-B260-98C8D967D286}.Debug|Any CPU.Build.0 = Debug|Any CPU
		{FDB3825D-E3A2-4BDD-B260-98C8D967D286}.Release|Any CPU.ActiveCfg = Release|Any CPU
		{FDB3825D-E3A2-4BDD-B260-98C8D967D286}.Release|Any CPU.Build.0 = Release|Any CPU
		{08FEEFC9-1759-4846-B6C5-52528410F2E5}.Debug|Any CPU.ActiveCfg = Debug|Any CPU
		{08FEEFC9-1759-4846-B6C5-52528410F2E5}.Debug|Any CPU.Build.0 = Debug|Any CPU
		{08FEEFC9-1759-4846-B6C5-52528410F2E5}.Release|Any CPU.ActiveCfg = Release|Any CPU
		{08FEEFC9-1759-4846-B6C5-52528410F2E5}.Release|Any CPU.Build.0 = Release|Any CPU
		{EDB60A68-0345-429B-A202-08559B5B1D98}.Debug|Any CPU.ActiveCfg = Debug|Any CPU
		{EDB60A68-0345-429B-A202-08559B5B1D98}.Debug|Any CPU.Build.0 = Debug|Any CPU
		{EDB60A68-0345-429B-A202-08559B5B1D98}.Release|Any CPU.ActiveCfg = Release|Any CPU
		{EDB60A68-0345-429B-A202-08559B5B1D98}.Release|Any CPU.Build.0 = Release|Any CPU
	EndGlobalSection
	GlobalSection(SolutionProperties) = preSolution
		HideSolutionNode = FALSE
	EndGlobalSection
EndGlobal
