
Microsoft Visual Studio Solution File, Format Version 12.00
# Visual Studio 2013
VisualStudioVersion = 12.0.21005.1
MinimumVisualStudioVersion = 10.0.40219.1
Project("{FAE04EC0-301F-11D3-BF4B-00C04F79EFBC}") = "SWE-Server", "SWE-Server\SWE-Server.csproj", "{CCB7DDE0-A425-46E1-89B4-A3376A02C5C6}"
EndProject
Project("{FAE04EC0-301F-11D3-BF4B-00C04F79EFBC}") = "Interface", "Interface\Interface.csproj", "{E4B27901-3208-4E6A-8677-6A7ACD67FDFD}"
EndProject
Project("{FAE04EC0-301F-11D3-BF4B-00C04F79EFBC}") = "StaticFilePlugin", "StaticFilePlugin\StaticFilePlugin.csproj", "{FDB3825D-E3A2-4BDD-B260-98C8D967D286}"
EndProject
Project("{FAE04EC0-301F-11D3-BF4B-00C04F79EFBC}") = "NaviPlugin", "NaviPlugin\NaviPlugin.csproj", "{08FEEFC9-1759-4846-B6C5-52528410F2E5}"
EndProject
Project("{FAE04EC0-301F-11D3-BF4B-00C04F79EFBC}") = "UnitTests", "UnitTests\UnitTests.csproj", "{EDB60A68-0345-429B-A202-08559B5B1D98}"
EndProject
Project("{FAE04EC0-301F-11D3-BF4B-00C04F79EFBC}") = "TemperaturPlugin", "TemperaturPlugin\TemperaturPlugin.csproj", "{CD0E859E-3A1F-4648-B377-C9FAC61093A1}"
EndProject
Project("{FAE04EC0-301F-11D3-BF4B-00C04F79EFBC}") = "ServerzeitPlugin", "ServerzeitPlugin\ServerzeitPlugin.csproj", "{270AAA05-4063-4AAC-8A96-D061B4B70DCC}"
EndProject
Project("{FAE04EC0-301F-11D3-BF4B-00C04F79EFBC}") = "ErpPlugin", "ErpPlugin\ErpPlugin.csproj", "{18ADE939-1E0B-4AE3-AC1C-2F256D419123}"
EndProject
Project("{FAE04EC0-301F-11D3-BF4B-00C04F79EFBC}") = "ErpUnitTests", "ErpUnitTests\ErpUnitTests.csproj", "{5E139A71-7393-4B7F-AAC1-D8A9523E39B1}"
EndProject
Global
	GlobalSection(SolutionConfigurationPlatforms) = preSolution
		Debug|Any CPU = Debug|Any CPU
		Release|Any CPU = Release|Any CPU
	EndGlobalSection
	GlobalSection(ProjectConfigurationPlatforms) = postSolution
		{CCB7DDE0-A425-46E1-89B4-A3376A02C5C6}.Debug|Any CPU.ActiveCfg = Debug|Any CPU
		{CCB7DDE0-A425-46E1-89B4-A3376A02C5C6}.Debug|Any CPU.Build.0 = Debug|Any CPU
		{CCB7DDE0-A425-46E1-89B4-A3376A02C5C6}.Release|Any CPU.ActiveCfg = Release|Any CPU
		{CCB7DDE0-A425-46E1-89B4-A3376A02C5C6}.Release|Any CPU.Build.0 = Release|Any CPU
		{E4B27901-3208-4E6A-8677-6A7ACD67FDFD}.Debug|Any CPU.ActiveCfg = Debug|Any CPU
		{E4B27901-3208-4E6A-8677-6A7ACD67FDFD}.Debug|Any CPU.Build.0 = Debug|Any CPU
		{E4B27901-3208-4E6A-8677-6A7ACD67FDFD}.Release|Any CPU.ActiveCfg = Release|Any CPU
		{E4B27901-3208-4E6A-8677-6A7ACD67FDFD}.Release|Any CPU.Build.0 = Release|Any CPU
		{FDB3825D-E3A2-4BDD-B260-98C8D967D286}.Debug|Any CPU.ActiveCfg = Debug|Any CPU
		{FDB3825D-E3A2-4BDD-B260-98C8D967D286}.Debug|Any CPU.Build.0 = Debug|Any CPU
		{FDB3825D-E3A2-4BDD-B260-98C8D967D286}.Release|Any CPU.ActiveCfg = Release|Any CPU
		{FDB3825D-E3A2-4BDD-B260-98C8D967D286}.Release|Any CPU.Build.0 = Release|Any CPU
		{08FEEFC9-1759-4846-B6C5-52528410F2E5}.Debug|Any CPU.ActiveCfg = Debug|Any CPU
		{08FEEFC9-1759-4846-B6C5-52528410F2E5}.Debug|Any CPU.Build.0 = Debug|Any CPU
		{08FEEFC9-1759-4846-B6C5-52528410F2E5}.Release|Any CPU.ActiveCfg = Release|Any CPU
		{08FEEFC9-1759-4846-B6C5-52528410F2E5}.Release|Any CPU.Build.0 = Release|Any CPU
		{EDB60A68-0345-429B-A202-08559B5B1D98}.Debug|Any CPU.ActiveCfg = Debug|Any CPU
		{EDB60A68-0345-429B-A202-08559B5B1D98}.Debug|Any CPU.Build.0 = Debug|Any CPU
		{EDB60A68-0345-429B-A202-08559B5B1D98}.Release|Any CPU.ActiveCfg = Release|Any CPU
		{EDB60A68-0345-429B-A202-08559B5B1D98}.Release|Any CPU.Build.0 = Release|Any CPU
		{CD0E859E-3A1F-4648-B377-C9FAC61093A1}.Debug|Any CPU.ActiveCfg = Debug|Any CPU
		{CD0E859E-3A1F-4648-B377-C9FAC61093A1}.Debug|Any CPU.Build.0 = Debug|Any CPU
		{CD0E859E-3A1F-4648-B377-C9FAC61093A1}.Release|Any CPU.ActiveCfg = Release|Any CPU
		{CD0E859E-3A1F-4648-B377-C9FAC61093A1}.Release|Any CPU.Build.0 = Release|Any CPU
		{270AAA05-4063-4AAC-8A96-D061B4B70DCC}.Debug|Any CPU.ActiveCfg = Debug|Any CPU
		{270AAA05-4063-4AAC-8A96-D061B4B70DCC}.Debug|Any CPU.Build.0 = Debug|Any CPU
		{270AAA05-4063-4AAC-8A96-D061B4B70DCC}.Release|Any CPU.ActiveCfg = Release|Any CPU
		{270AAA05-4063-4AAC-8A96-D061B4B70DCC}.Release|Any CPU.Build.0 = Release|Any CPU
		{18ADE939-1E0B-4AE3-AC1C-2F256D419123}.Debug|Any CPU.ActiveCfg = Debug|Any CPU
		{18ADE939-1E0B-4AE3-AC1C-2F256D419123}.Debug|Any CPU.Build.0 = Debug|Any CPU
		{18ADE939-1E0B-4AE3-AC1C-2F256D419123}.Release|Any CPU.ActiveCfg = Release|Any CPU
		{18ADE939-1E0B-4AE3-AC1C-2F256D419123}.Release|Any CPU.Build.0 = Release|Any CPU
		{5E139A71-7393-4B7F-AAC1-D8A9523E39B1}.Debug|Any CPU.ActiveCfg = Debug|Any CPU
		{5E139A71-7393-4B7F-AAC1-D8A9523E39B1}.Debug|Any CPU.Build.0 = Debug|Any CPU
		{5E139A71-7393-4B7F-AAC1-D8A9523E39B1}.Release|Any CPU.ActiveCfg = Release|Any CPU
		{5E139A71-7393-4B7F-AAC1-D8A9523E39B1}.Release|Any CPU.Build.0 = Release|Any CPU
	EndGlobalSection
	GlobalSection(SolutionProperties) = preSolution
		HideSolutionNode = FALSE
	EndGlobalSection
EndGlobal
