
Microsoft Visual Studio Solution File, Format Version 12.00
# Visual Studio 2012
Project("{FAE04EC0-301F-11D3-BF4B-00C04F79EFBC}") = "ERP-Client", "ERP-Client\ERP-Client.csproj", "{F22E29EE-4C1B-4D8D-97B0-90A0F27B69E1}"
EndProject
Global
	GlobalSection(SolutionConfigurationPlatforms) = preSolution
		Debug|Any CPU = Debug|Any CPU
		Release|Any CPU = Release|Any CPU
	EndGlobalSection
	GlobalSection(ProjectConfigurationPlatforms) = postSolution
		{F22E29EE-4C1B-4D8D-97B0-90A0F27B69E1}.Debug|Any CPU.ActiveCfg = Debug|Any CPU
		{F22E29EE-4C1B-4D8D-97B0-90A0F27B69E1}.Debug|Any CPU.Build.0 = Debug|Any CPU
		{F22E29EE-4C1B-4D8D-97B0-90A0F27B69E1}.Release|Any CPU.ActiveCfg = Release|Any CPU
		{F22E29EE-4C1B-4D8D-97B0-90A0F27B69E1}.Release|Any CPU.Build.0 = Release|Any CPU
	EndGlobalSection
	GlobalSection(SolutionProperties) = preSolution
		HideSolutionNode = FALSE
	EndGlobalSection
EndGlobal
